
Microsoft Visual Studio Solution File, Format Version 11.00
# Visual Studio 2010
Project("{FAE04EC0-301F-11D3-BF4B-00C04F79EFBC}") = "gcaliper", "src\gcaliper.csproj", "{080921B5-3CEB-4611-B017-5EE7B743BE5B}"
EndProject
Global
	GlobalSection(SolutionConfigurationPlatforms) = preSolution
		Debug|x86 = Debug|x86
		Release|x86 = Release|x86
	EndGlobalSection
	GlobalSection(ProjectConfigurationPlatforms) = postSolution
		{080921B5-3CEB-4611-B017-5EE7B743BE5B}.Debug|x86.ActiveCfg = Debug|x86
		{080921B5-3CEB-4611-B017-5EE7B743BE5B}.Debug|x86.Build.0 = Debug|x86
		{080921B5-3CEB-4611-B017-5EE7B743BE5B}.Release|x86.ActiveCfg = Release|x86
		{080921B5-3CEB-4611-B017-5EE7B743BE5B}.Release|x86.Build.0 = Release|x86
	EndGlobalSection
	GlobalSection(MonoDevelopProperties) = preSolution
		StartupItem = src\gcaliper.csproj
	EndGlobalSection
EndGlobal
